// !$*UTF8*$!
{
	archiveVersion = 1;
	classes = {
	};
	objectVersion = 50;
	objects = {

/* Begin PBXBuildFile section */
		09ADE9740054CAB8B90591E4 /* Pods_test_demo_ios.framework in Frameworks */ = {isa = PBXBuildFile; fileRef = FA5C0E9FFE90B7B287829091 /* Pods_test_demo_ios.framework */; };
		709110302444A874003BEFE8 /* AppDelegate.swift in Sources */ = {isa = PBXBuildFile; fileRef = 7091102F2444A874003BEFE8 /* AppDelegate.swift */; };
		709110322444A874003BEFE8 /* SceneDelegate.swift in Sources */ = {isa = PBXBuildFile; fileRef = 709110312444A874003BEFE8 /* SceneDelegate.swift */; };
		709110342444A874003BEFE8 /* ViewController.swift in Sources */ = {isa = PBXBuildFile; fileRef = 709110332444A874003BEFE8 /* ViewController.swift */; };
		709110372444A874003BEFE8 /* Main.storyboard in Resources */ = {isa = PBXBuildFile; fileRef = 709110352444A874003BEFE8 /* Main.storyboard */; };
		709110392444A877003BEFE8 /* Assets.xcassets in Resources */ = {isa = PBXBuildFile; fileRef = 709110382444A877003BEFE8 /* Assets.xcassets */; };
		7091103C2444A877003BEFE8 /* LaunchScreen.storyboard in Resources */ = {isa = PBXBuildFile; fileRef = 7091103A2444A877003BEFE8 /* LaunchScreen.storyboard */; };
/* End PBXBuildFile section */

/* Begin PBXFileReference section */
		41BBFA8D9E0C7693A1F34B3F /* Pods-test_demo_ios.release.xcconfig */ = {isa = PBXFileReference; includeInIndex = 1; lastKnownFileType = text.xcconfig; name = "Pods-test_demo_ios.release.xcconfig"; path = "Target Support Files/Pods-test_demo_ios/Pods-test_demo_ios.release.xcconfig"; sourceTree = "<group>"; };
		7091102C2444A874003BEFE8 /* test_demo_ios.app */ = {isa = PBXFileReference; explicitFileType = wrapper.application; includeInIndex = 0; path = test_demo_ios.app; sourceTree = BUILT_PRODUCTS_DIR; };
		7091102F2444A874003BEFE8 /* AppDelegate.swift */ = {isa = PBXFileReference; lastKnownFileType = sourcecode.swift; path = AppDelegate.swift; sourceTree = "<group>"; };
		709110312444A874003BEFE8 /* SceneDelegate.swift */ = {isa = PBXFileReference; lastKnownFileType = sourcecode.swift; path = SceneDelegate.swift; sourceTree = "<group>"; };
		709110332444A874003BEFE8 /* ViewController.swift */ = {isa = PBXFileReference; lastKnownFileType = sourcecode.swift; path = ViewController.swift; sourceTree = "<group>"; };
		709110362444A874003BEFE8 /* Base */ = {isa = PBXFileReference; lastKnownFileType = file.storyboard; name = Base; path = Base.lproj/Main.storyboard; sourceTree = "<group>"; };
		709110382444A877003BEFE8 /* Assets.xcassets */ = {isa = PBXFileReference; lastKnownFileType = folder.assetcatalog; path = Assets.xcassets; sourceTree = "<group>"; };
		7091103B2444A877003BEFE8 /* Base */ = {isa = PBXFileReference; lastKnownFileType = file.storyboard; name = Base; path = Base.lproj/LaunchScreen.storyboard; sourceTree = "<group>"; };
		7091103D2444A877003BEFE8 /* Info.plist */ = {isa = PBXFileReference; lastKnownFileType = text.plist.xml; path = Info.plist; sourceTree = "<group>"; };
		AD896CD3DDDBA52F5A224FCD /* Pods-test_demo_ios.debug.xcconfig */ = {isa = PBXFileReference; includeInIndex = 1; lastKnownFileType = text.xcconfig; name = "Pods-test_demo_ios.debug.xcconfig"; path = "Target Support Files/Pods-test_demo_ios/Pods-test_demo_ios.debug.xcconfig"; sourceTree = "<group>"; };
		FA5C0E9FFE90B7B287829091 /* Pods_test_demo_ios.framework */ = {isa = PBXFileReference; explicitFileType = wrapper.framework; includeInIndex = 0; path = Pods_test_demo_ios.framework; sourceTree = BUILT_PRODUCTS_DIR; };
/* End PBXFileReference section */

/* Begin PBXFrameworksBuildPhase section */
		709110292444A874003BEFE8 /* Frameworks */ = {
			isa = PBXFrameworksBuildPhase;
			buildActionMask = 2147483647;
			files = (
				09ADE9740054CAB8B90591E4 /* Pods_test_demo_ios.framework in Frameworks */,
			);
			runOnlyForDeploymentPostprocessing = 0;
		};
/* End PBXFrameworksBuildPhase section */

/* Begin PBXGroup section */
		45C937DFCAD3D61CBDA6E994 /* Pods */ = {
			isa = PBXGroup;
			children = (
				AD896CD3DDDBA52F5A224FCD /* Pods-test_demo_ios.debug.xcconfig */,
				41BBFA8D9E0C7693A1F34B3F /* Pods-test_demo_ios.release.xcconfig */,
			);
			name = Pods;
			path = Pods;
			sourceTree = "<group>";
		};
		709110232444A874003BEFE8 = {
			isa = PBXGroup;
			children = (
				7091102E2444A874003BEFE8 /* test_demo_ios */,
				7091102D2444A874003BEFE8 /* Products */,
				45C937DFCAD3D61CBDA6E994 /* Pods */,
				E8207006FCE04ACC9EA130BF /* Frameworks */,
			);
			sourceTree = "<group>";
		};
		7091102D2444A874003BEFE8 /* Products */ = {
			isa = PBXGroup;
			children = (
				7091102C2444A874003BEFE8 /* test_demo_ios.app */,
			);
			name = Products;
			sourceTree = "<group>";
		};
		7091102E2444A874003BEFE8 /* test_demo_ios */ = {
			isa = PBXGroup;
			children = (
				7091102F2444A874003BEFE8 /* AppDelegate.swift */,
				709110312444A874003BEFE8 /* SceneDelegate.swift */,
				709110332444A874003BEFE8 /* ViewController.swift */,
				709110352444A874003BEFE8 /* Main.storyboard */,
				709110382444A877003BEFE8 /* Assets.xcassets */,
				7091103A2444A877003BEFE8 /* LaunchScreen.storyboard */,
				7091103D2444A877003BEFE8 /* Info.plist */,
			);
			path = test_demo_ios;
			sourceTree = "<group>";
		};
		E8207006FCE04ACC9EA130BF /* Frameworks */ = {
			isa = PBXGroup;
			children = (
				FA5C0E9FFE90B7B287829091 /* Pods_test_demo_ios.framework */,
			);
			name = Frameworks;
			sourceTree = "<group>";
		};
/* End PBXGroup section */

/* Begin PBXNativeTarget section */
		7091102B2444A874003BEFE8 /* test_demo_ios */ = {
			isa = PBXNativeTarget;
			buildConfigurationList = 709110402444A877003BEFE8 /* Build configuration list for PBXNativeTarget "test_demo_ios" */;
			buildPhases = (
				B45704A4F97BEA570F2E75E3 /* [CP] Check Pods Manifest.lock */,
				10FF63489F0AF86D780105E5 /* [CP-User] Run Flutter Build Script */,
				709110282444A874003BEFE8 /* Sources */,
				709110292444A874003BEFE8 /* Frameworks */,
				7091102A2444A874003BEFE8 /* Resources */,
				16AF42AA754C36439A53662D /* [CP] Embed Pods Frameworks */,
			);
			buildRules = (
			);
			dependencies = (
			);
			name = test_demo_ios;
			productName = test_demo_ios;
			productReference = 7091102C2444A874003BEFE8 /* test_demo_ios.app */;
			productType = "com.apple.product-type.application";
		};
/* End PBXNativeTarget section */

/* Begin PBXProject section */
		709110242444A874003BEFE8 /* Project object */ = {
			isa = PBXProject;
			attributes = {
				LastSwiftUpdateCheck = 1140;
				LastUpgradeCheck = 1140;
				ORGANIZATIONNAME = why;
				TargetAttributes = {
					7091102B2444A874003BEFE8 = {
						CreatedOnToolsVersion = 11.4;
					};
				};
			};
			buildConfigurationList = 709110272444A874003BEFE8 /* Build configuration list for PBXProject "test_demo_ios" */;
			compatibilityVersion = "Xcode 9.3";
			developmentRegion = en;
			hasScannedForEncodings = 0;
			knownRegions = (
				en,
				Base,
			);
			mainGroup = 709110232444A874003BEFE8;
			productRefGroup = 7091102D2444A874003BEFE8 /* Products */;
			projectDirPath = "";
			projectRoot = "";
			targets = (
				7091102B2444A874003BEFE8 /* test_demo_ios */,
			);
		};
/* End PBXProject section */

/* Begin PBXResourcesBuildPhase section */
		7091102A2444A874003BEFE8 /* Resources */ = {
			isa = PBXResourcesBuildPhase;
			buildActionMask = 2147483647;
			files = (
				7091103C2444A877003BEFE8 /* LaunchScreen.storyboard in Resources */,
				709110392444A877003BEFE8 /* Assets.xcassets in Resources */,
				709110372444A874003BEFE8 /* Main.storyboard in Resources */,
			);
			runOnlyForDeploymentPostprocessing = 0;
		};
/* End PBXResourcesBuildPhase section */

/* Begin PBXShellScriptBuildPhase section */
		10FF63489F0AF86D780105E5 /* [CP-User] Run Flutter Build Script */ = {
			isa = PBXShellScriptBuildPhase;
			buildActionMask = 2147483647;
			files = (
			);
			inputPaths = (
				"${SRCROOT}/../my_flutter/.metadata",
				"${SRCROOT}/../my_flutter/.ios/Flutter/App.framework/App",
				"${SRCROOT}/../my_flutter/.ios/Flutter/engine/Flutter.framework/Flutter",
				"${SRCROOT}/../my_flutter/.ios/Flutter/flutter_export_environment.sh",
			);
			name = "[CP-User] Run Flutter Build Script";
			runOnlyForDeploymentPostprocessing = 0;
			shellPath = /bin/sh;
			shellScript = "set -e\nset -u\nsource \"${SRCROOT}/../my_flutter/.ios/Flutter/flutter_export_environment.sh\"\n\"$FLUTTER_ROOT\"/packages/flutter_tools/bin/xcode_backend.sh build";
		};
		16AF42AA754C36439A53662D /* [CP] Embed Pods Frameworks */ = {
			isa = PBXShellScriptBuildPhase;
			buildActionMask = 2147483647;
			files = (
			);
			inputFileListPaths = (
				"${PODS_ROOT}/Target Support Files/Pods-test_demo_ios/Pods-test_demo_ios-frameworks-${CONFIGURATION}-input-files.xcfilelist",
			);
			name = "[CP] Embed Pods Frameworks";
			outputFileListPaths = (
				"${PODS_ROOT}/Target Support Files/Pods-test_demo_ios/Pods-test_demo_ios-frameworks-${CONFIGURATION}-output-files.xcfilelist",
			);
			runOnlyForDeploymentPostprocessing = 0;
			shellPath = /bin/sh;
			shellScript = "\"${PODS_ROOT}/Target Support Files/Pods-test_demo_ios/Pods-test_demo_ios-frameworks.sh\"\n";
			showEnvVarsInLog = 0;
		};
		B45704A4F97BEA570F2E75E3 /* [CP] Check Pods Manifest.lock */ = {
			isa = PBXShellScriptBuildPhase;
			buildActionMask = 2147483647;
			files = (
			);
			inputFileListPaths = (
			);
			inputPaths = (
				"${PODS_PODFILE_DIR_PATH}/Podfile.lock",
				"${PODS_ROOT}/Manifest.lock",
			);
			name = "[CP] Check Pods Manifest.lock";
			outputFileListPaths = (
			);
			outputPaths = (
				"$(DERIVED_FILE_DIR)/Pods-test_demo_ios-checkManifestLockResult.txt",
			);
			runOnlyForDeploymentPostprocessing = 0;
			shellPath = /bin/sh;
			shellScript = "diff \"${PODS_PODFILE_DIR_PATH}/Podfile.lock\" \"${PODS_ROOT}/Manifest.lock\" > /dev/null\nif [ $? != 0 ] ; then\n    # print error to STDERR\n    echo \"error: The sandbox is not in sync with the Podfile.lock. Run 'pod install' or update your CocoaPods installation.\" >&2\n    exit 1\nfi\n# This output is used by Xcode 'outputs' to avoid re-running this script phase.\necho \"SUCCESS\" > \"${SCRIPT_OUTPUT_FILE_0}\"\n";
			showEnvVarsInLog = 0;
		};
/* End PBXShellScriptBuildPhase section */

/* Begin PBXSourcesBuildPhase section */
		709110282444A874003BEFE8 /* Sources */ = {
			isa = PBXSourcesBuildPhase;
			buildActionMask = 2147483647;
			files = (
				709110342444A874003BEFE8 /* ViewController.swift in Sources */,
				709110302444A874003BEFE8 /* AppDelegate.swift in Sources */,
				709110322444A874003BEFE8 /* SceneDelegate.swift in Sources */,
			);
			runOnlyForDeploymentPostprocessing = 0;
		};
/* End PBXSourcesBuildPhase section */

/* Begin PBXVariantGroup section */
		709110352444A874003BEFE8 /* Main.storyboard */ = {
			isa = PBXVariantGroup;
			children = (
				709110362444A874003BEFE8 /* Base */,
			);
			name = Main.storyboard;
			sourceTree = "<group>";
		};
		7091103A2444A877003BEFE8 /* LaunchScreen.storyboard */ = {
			isa = PBXVariantGroup;
			children = (
				7091103B2444A877003BEFE8 /* Base */,
			);
			name = LaunchScreen.storyboard;
			sourceTree = "<group>";
		};
/* End PBXVariantGroup section */

/* Begin XCBuildConfiguration section */
		7091103E2444A877003BEFE8 /* Debug */ = {
			isa = XCBuildConfiguration;
			buildSettings = {
				ALWAYS_SEARCH_USER_PATHS = NO;
				CLANG_ANALYZER_NONNULL = YES;
				CLANG_ANALYZER_NUMBER_OBJECT_CONVERSION = YES_AGGRESSIVE;
				CLANG_CXX_LANGUAGE_STANDARD = "gnu++14";
				CLANG_CXX_LIBRARY = "libc++";
				CLANG_ENABLE_MODULES = YES;
				CLANG_ENABLE_OBJC_ARC = YES;
				CLANG_ENABLE_OBJC_WEAK = YES;
				CLANG_WARN_BLOCK_CAPTURE_AUTORELEASING = YES;
				CLANG_WARN_BOOL_CONVERSION = YES;
				CLANG_WARN_COMMA = YES;
				CLANG_WARN_CONSTANT_CONVERSION = YES;
				CLANG_WARN_DEPRECATED_OBJC_IMPLEMENTATIONS = YES;
				CLANG_WARN_DIRECT_OBJC_ISA_USAGE = YES_ERROR;
				CLANG_WARN_DOCUMENTATION_COMMENTS = YES;
				CLANG_WARN_EMPTY_BODY = YES;
				CLANG_WARN_ENUM_CONVERSION = YES;
				CLANG_WARN_INFINITE_RECURSION = YES;
				CLANG_WARN_INT_CONVERSION = YES;
				CLANG_WARN_NON_LITERAL_NULL_CONVERSION = YES;
				CLANG_WARN_OBJC_IMPLICIT_RETAIN_SELF = YES;
				CLANG_WARN_OBJC_LITERAL_CONVERSION = YES;
				CLANG_WARN_OBJC_ROOT_CLASS = YES_ERROR;
				CLANG_WARN_RANGE_LOOP_ANALYSIS = YES;
				CLANG_WARN_STRICT_PROTOTYPES = YES;
				CLANG_WARN_SUSPICIOUS_MOVE = YES;
				CLANG_WARN_UNGUARDED_AVAILABILITY = YES_AGGRESSIVE;
				CLANG_WARN_UNREACHABLE_CODE = YES;
				CLANG_WARN__DUPLICATE_METHOD_MATCH = YES;
				COPY_PHASE_STRIP = NO;
				DEBUG_INFORMATION_FORMAT = dwarf;
				ENABLE_STRICT_OBJC_MSGSEND = YES;
				ENABLE_TESTABILITY = YES;
				GCC_C_LANGUAGE_STANDARD = gnu11;
				GCC_DYNAMIC_NO_PIC = NO;
				GCC_NO_COMMON_BLOCKS = YES;
				GCC_OPTIMIZATION_LEVEL = 0;
				GCC_PREPROCESSOR_DEFINITIONS = (
					"DEBUG=1",
					"$(inherited)",
				);
				GCC_WARN_64_TO_32_BIT_CONVERSION = YES;
				GCC_WARN_ABOUT_RETURN_TYPE = YES_ERROR;
				GCC_WARN_UNDECLARED_SELECTOR = YES;
				GCC_WARN_UNINITIALIZED_AUTOS = YES_AGGRESSIVE;
				GCC_WARN_UNUSED_FUNCTION = YES;
				GCC_WARN_UNUSED_VARIABLE = YES;
				IPHONEOS_DEPLOYMENT_TARGET = 13.4;
				MTL_ENABLE_DEBUG_INFO = INCLUDE_SOURCE;
				MTL_FAST_MATH = YES;
				ONLY_ACTIVE_ARCH = YES;
				SDKROOT = iphoneos;
				SWIFT_ACTIVE_COMPILATION_CONDITIONS = DEBUG;
				SWIFT_OPTIMIZATION_LEVEL = "-Onone";
			};
			name = Debug;
		};
		7091103F2444A877003BEFE8 /* Release */ = {
			isa = XCBuildConfiguration;
			buildSettings = {
				ALWAYS_SEARCH_USER_PATHS = NO;
				CLANG_ANALYZER_NONNULL = YES;
				CLANG_ANALYZER_NUMBER_OBJECT_CONVERSION = YES_AGGRESSIVE;
				CLANG_CXX_LANGUAGE_STANDARD = "gnu++14";
				CLANG_CXX_LIBRARY = "libc++";
				CLANG_ENABLE_MODULES = YES;
				CLANG_ENABLE_OBJC_ARC = YES;
				CLANG_ENABLE_OBJC_WEAK = YES;
				CLANG_WARN_BLOCK_CAPTURE_AUTORELEASING = YES;
				CLANG_WARN_BOOL_CONVERSION = YES;
				CLANG_WARN_COMMA = YES;
				CLANG_WARN_CONSTANT_CONVERSION = YES;
				CLANG_WARN_DEPRECATED_OBJC_IMPLEMENTATIONS = YES;
				CLANG_WARN_DIRECT_OBJC_ISA_USAGE = YES_ERROR;
				CLANG_WARN_DOCUMENTATION_COMMENTS = YES;
				CLANG_WARN_EMPTY_BODY = YES;
				CLANG_WARN_ENUM_CONVERSION = YES;
				CLANG_WARN_INFINITE_RECURSION = YES;
				CLANG_WARN_INT_CONVERSION = YES;
				CLANG_WARN_NON_LITERAL_NULL_CONVERSION = YES;
				CLANG_WARN_OBJC_IMPLICIT_RETAIN_SELF = YES;
				CLANG_WARN_OBJC_LITERAL_CONVERSION = YES;
				CLANG_WARN_OBJC_ROOT_CLASS = YES_ERROR;
				CLANG_WARN_RANGE_LOOP_ANALYSIS = YES;
				CLANG_WARN_STRICT_PROTOTYPES = YES;
				CLANG_WARN_SUSPICIOUS_MOVE = YES;
				CLANG_WARN_UNGUARDED_AVAILABILITY = YES_AGGRESSIVE;
				CLANG_WARN_UNREACHABLE_CODE = YES;
				CLANG_WARN__DUPLICATE_METHOD_MATCH = YES;
				COPY_PHASE_STRIP = NO;
				DEBUG_INFORMATION_FORMAT = "dwarf-with-dsym";
				ENABLE_NS_ASSERTIONS = NO;
				ENABLE_STRICT_OBJC_MSGSEND = YES;
				GCC_C_LANGUAGE_STANDARD = gnu11;
				GCC_NO_COMMON_BLOCKS = YES;
				GCC_WARN_64_TO_32_BIT_CONVERSION = YES;
				GCC_WARN_ABOUT_RETURN_TYPE = YES_ERROR;
				GCC_WARN_UNDECLARED_SELECTOR = YES;
				GCC_WARN_UNINITIALIZED_AUTOS = YES_AGGRESSIVE;
				GCC_WARN_UNUSED_FUNCTION = YES;
				GCC_WARN_UNUSED_VARIABLE = YES;
				IPHONEOS_DEPLOYMENT_TARGET = 13.4;
				MTL_ENABLE_DEBUG_INFO = NO;
				MTL_FAST_MATH = YES;
				SDKROOT = iphoneos;
				SWIFT_COMPILATION_MODE = wholemodule;
				SWIFT_OPTIMIZATION_LEVEL = "-O";
				VALIDATE_PRODUCT = YES;
			};
			name = Release;
		};
		709110412444A877003BEFE8 /* Debug */ = {
			isa = XCBuildConfiguration;
			baseConfigurationReference = AD896CD3DDDBA52F5A224FCD /* Pods-test_demo_ios.debug.xcconfig */;
			buildSettings = {
				ASSETCATALOG_COMPILER_APPICON_NAME = AppIcon;
				CODE_SIGN_STYLE = Automatic;
				INFOPLIST_FILE = test_demo_ios/Info.plist;
				LD_RUNPATH_SEARCH_PATHS = (
					"$(inherited)",
					"@executable_path/Frameworks",
				);
				PRODUCT_BUNDLE_IDENTIFIER = "com.coderwhy.test-demo-ios";
				PRODUCT_NAME = "$(TARGET_NAME)";
				SWIFT_VERSION = 5.0;
				TARGETED_DEVICE_FAMILY = "1,2";
			};
			name = Debug;
		};
		709110422444A877003BEFE8 /* Release */ = {
			isa = XCBuildConfiguration;
			baseConfigurationReference = 41BBFA8D9E0C7693A1F34B3F /* Pods-test_demo_ios.release.xcconfig */;
			buildSettings = {
				ASSETCATALOG_COMPILER_APPICON_NAME = AppIcon;
				CODE_SIGN_STYLE = Automatic;
				INFOPLIST_FILE = test_demo_ios/Info.plist;
				LD_RUNPATH_SEARCH_PATHS = (
					"$(inherited)",
					"@executable_path/Frameworks",
				);
				PRODUCT_BUNDLE_IDENTIFIER = "com.coderwhy.test-demo-ios";
				PRODUCT_NAME = "$(TARGET_NAME)";
				SWIFT_VERSION = 5.0;
				TARGETED_DEVICE_FAMILY = "1,2";
			};
			name = Release;
		};
/* End XCBuildConfiguration section */

/* Begin XCConfigurationList section */
		709110272444A874003BEFE8 /* Build configuration list for PBXProject "test_demo_ios" */ = {
			isa = XCConfigurationList;
			buildConfigurations = (
				7091103E2444A877003BEFE8 /* Debug */,
				7091103F2444A877003BEFE8 /* Release */,
			);
			defaultConfigurationIsVisible = 0;
			defaultConfigurationName = Release;
		};
		709110402444A877003BEFE8 /* Build configuration list for PBXNativeTarget "test_demo_ios" */ = {
			isa = XCConfigurationList;
			buildConfigurations = (
				709110412444A877003BEFE8 /* Debug */,
				709110422444A877003BEFE8 /* Release */,
			);
			defaultConfigurationIsVisible = 0;
			defaultConfigurationName = Release;
		};
/* End XCConfigurationList section */
	};
	rootObject = 709110242444A874003BEFE8 /* Project object */;
}
